// !$*UTF8*$!
{
	archiveVersion = 1;
	classes = {
	};
	objectVersion = 46;
	objects = {

/* Begin PBXBuildFile section */
		84A1DC031D8936AB00492F68 /* AppDelegate.swift in Sources */ = {isa = PBXBuildFile; fileRef = 84A1DC021D8936AB00492F68 /* AppDelegate.swift */; };
		84A1DC051D8936AB00492F68 /* ViewController.swift in Sources */ = {isa = PBXBuildFile; fileRef = 84A1DC041D8936AB00492F68 /* ViewController.swift */; };
		84A1DC081D8936AB00492F68 /* Main.storyboard in Resources */ = {isa = PBXBuildFile; fileRef = 84A1DC061D8936AB00492F68 /* Main.storyboard */; };
		84A1DC0A1D8936AB00492F68 /* Assets.xcassets in Resources */ = {isa = PBXBuildFile; fileRef = 84A1DC091D8936AB00492F68 /* Assets.xcassets */; };
		84A1DC0D1D8936AB00492F68 /* LaunchScreen.storyboard in Resources */ = {isa = PBXBuildFile; fileRef = 84A1DC0B1D8936AB00492F68 /* LaunchScreen.storyboard */; };
		84A1DC181D8936AC00492F68 /* GravityDemoTests.swift in Sources */ = {isa = PBXBuildFile; fileRef = 84A1DC171D8936AC00492F68 /* GravityDemoTests.swift */; };
		84A1DC231D8936AC00492F68 /* GravityDemoUITests.swift in Sources */ = {isa = PBXBuildFile; fileRef = 84A1DC221D8936AC00492F68 /* GravityDemoUITests.swift */; };
/* End PBXBuildFile section */

/* Begin PBXContainerItemProxy section */
		84A1DC141D8936AC00492F68 /* PBXContainerItemProxy */ = {
			isa = PBXContainerItemProxy;
			containerPortal = 84A1DBF71D8936AB00492F68 /* Project object */;
			proxyType = 1;
			remoteGlobalIDString = 84A1DBFE1D8936AB00492F68;
			remoteInfo = GravityDemo;
		};
		84A1DC1F1D8936AC00492F68 /* PBXContainerItemProxy */ = {
			isa = PBXContainerItemProxy;
			containerPortal = 84A1DBF71D8936AB00492F68 /* Project object */;
			proxyType = 1;
			remoteGlobalIDString = 84A1DBFE1D8936AB00492F68;
			remoteInfo = GravityDemo;
		};
/* End PBXContainerItemProxy section */

/* Begin PBXFileReference section */
		84A1DBFF1D8936AB00492F68 /* GravityDemo.app */ = {isa = PBXFileReference; explicitFileType = wrapper.application; includeInIndex = 0; path = GravityDemo.app; sourceTree = BUILT_PRODUCTS_DIR; };
		84A1DC021D8936AB00492F68 /* AppDelegate.swift */ = {isa = PBXFileReference; lastKnownFileType = sourcecode.swift; path = AppDelegate.swift; sourceTree = "<group>"; };
		84A1DC041D8936AB00492F68 /* ViewController.swift */ = {isa = PBXFileReference; lastKnownFileType = sourcecode.swift; path = ViewController.swift; sourceTree = "<group>"; };
		84A1DC071D8936AB00492F68 /* Base */ = {isa = PBXFileReference; lastKnownFileType = file.storyboard; name = Base; path = Base.lproj/Main.storyboard; sourceTree = "<group>"; };
		84A1DC091D8936AB00492F68 /* Assets.xcassets */ = {isa = PBXFileReference; lastKnownFileType = folder.assetcatalog; path = Assets.xcassets; sourceTree = "<group>"; };
		84A1DC0C1D8936AB00492F68 /* Base */ = {isa = PBXFileReference; lastKnownFileType = file.storyboard; name = Base; path = Base.lproj/LaunchScreen.storyboard; sourceTree = "<group>"; };
		84A1DC0E1D8936AB00492F68 /* Info.plist */ = {isa = PBXFileReference; lastKnownFileType = text.plist.xml; path = Info.plist; sourceTree = "<group>"; };
		84A1DC131D8936AC00492F68 /* GravityDemoTests.xctest */ = {isa = PBXFileReference; explicitFileType = wrapper.cfbundle; includeInIndex = 0; path = GravityDemoTests.xctest; sourceTree = BUILT_PRODUCTS_DIR; };
		84A1DC171D8936AC00492F68 /* GravityDemoTests.swift */ = {isa = PBXFileReference; lastKnownFileType = sourcecode.swift; path = GravityDemoTests.swift; sourceTree = "<group>"; };
		84A1DC191D8936AC00492F68 /* Info.plist */ = {isa = PBXFileReference; lastKnownFileType = text.plist.xml; path = Info.plist; sourceTree = "<group>"; };
		84A1DC1E1D8936AC00492F68 /* GravityDemoUITests.xctest */ = {isa = PBXFileReference; explicitFileType = wrapper.cfbundle; includeInIndex = 0; path = GravityDemoUITests.xctest; sourceTree = BUILT_PRODUCTS_DIR; };
		84A1DC221D8936AC00492F68 /* GravityDemoUITests.swift */ = {isa = PBXFileReference; lastKnownFileType = sourcecode.swift; path = GravityDemoUITests.swift; sourceTree = "<group>"; };
		84A1DC241D8936AC00492F68 /* Info.plist */ = {isa = PBXFileReference; lastKnownFileType = text.plist.xml; path = Info.plist; sourceTree = "<group>"; };
/* End PBXFileReference section */

/* Begin PBXFrameworksBuildPhase section */
		84A1DBFC1D8936AB00492F68 /* Frameworks */ = {
			isa = PBXFrameworksBuildPhase;
			buildActionMask = 2147483647;
			files = (
			);
			runOnlyForDeploymentPostprocessing = 0;
		};
		84A1DC101D8936AC00492F68 /* Frameworks */ = {
			isa = PBXFrameworksBuildPhase;
			buildActionMask = 2147483647;
			files = (
			);
			runOnlyForDeploymentPostprocessing = 0;
		};
		84A1DC1B1D8936AC00492F68 /* Frameworks */ = {
			isa = PBXFrameworksBuildPhase;
			buildActionMask = 2147483647;
			files = (
			);
			runOnlyForDeploymentPostprocessing = 0;
		};
/* End PBXFrameworksBuildPhase section */

/* Begin PBXGroup section */
		84A1DBF61D8936AB00492F68 = {
			isa = PBXGroup;
			children = (
				84A1DC011D8936AB00492F68 /* GravityDemo */,
				84A1DC161D8936AC00492F68 /* GravityDemoTests */,
				84A1DC211D8936AC00492F68 /* GravityDemoUITests */,
				84A1DC001D8936AB00492F68 /* Products */,
			);
			sourceTree = "<group>";
		};
		84A1DC001D8936AB00492F68 /* Products */ = {
			isa = PBXGroup;
			children = (
				84A1DBFF1D8936AB00492F68 /* GravityDemo.app */,
				84A1DC131D8936AC00492F68 /* GravityDemoTests.xctest */,
				84A1DC1E1D8936AC00492F68 /* GravityDemoUITests.xctest */,
			);
			name = Products;
			sourceTree = "<group>";
		};
		84A1DC011D8936AB00492F68 /* GravityDemo */ = {
			isa = PBXGroup;
			children = (
				84A1DC021D8936AB00492F68 /* AppDelegate.swift */,
				84A1DC041D8936AB00492F68 /* ViewController.swift */,
				84A1DC061D8936AB00492F68 /* Main.storyboard */,
				84A1DC091D8936AB00492F68 /* Assets.xcassets */,
				84A1DC0B1D8936AB00492F68 /* LaunchScreen.storyboard */,
				84A1DC0E1D8936AB00492F68 /* Info.plist */,
			);
			path = GravityDemo;
			sourceTree = "<group>";
		};
		84A1DC161D8936AC00492F68 /* GravityDemoTests */ = {
			isa = PBXGroup;
			children = (
				84A1DC171D8936AC00492F68 /* GravityDemoTests.swift */,
				84A1DC191D8936AC00492F68 /* Info.plist */,
			);
			path = GravityDemoTests;
			sourceTree = "<group>";
		};
		84A1DC211D8936AC00492F68 /* GravityDemoUITests */ = {
			isa = PBXGroup;
			children = (
				84A1DC221D8936AC00492F68 /* GravityDemoUITests.swift */,
				84A1DC241D8936AC00492F68 /* Info.plist */,
			);
			path = GravityDemoUITests;
			sourceTree = "<group>";
		};
/* End PBXGroup section */

/* Begin PBXNativeTarget section */
		84A1DBFE1D8936AB00492F68 /* GravityDemo */ = {
			isa = PBXNativeTarget;
			buildConfigurationList = 84A1DC271D8936AC00492F68 /* Build configuration list for PBXNativeTarget "GravityDemo" */;
			buildPhases = (
				84A1DBFB1D8936AB00492F68 /* Sources */,
				84A1DBFC1D8936AB00492F68 /* Frameworks */,
				84A1DBFD1D8936AB00492F68 /* Resources */,
			);
			buildRules = (
			);
			dependencies = (
			);
			name = GravityDemo;
			productName = GravityDemo;
			productReference = 84A1DBFF1D8936AB00492F68 /* GravityDemo.app */;
			productType = "com.apple.product-type.application";
		};
		84A1DC121D8936AC00492F68 /* GravityDemoTests */ = {
			isa = PBXNativeTarget;
			buildConfigurationList = 84A1DC2A1D8936AC00492F68 /* Build configuration list for PBXNativeTarget "GravityDemoTests" */;
			buildPhases = (
				84A1DC0F1D8936AC00492F68 /* Sources */,
				84A1DC101D8936AC00492F68 /* Frameworks */,
				84A1DC111D8936AC00492F68 /* Resources */,
			);
			buildRules = (
			);
			dependencies = (
				84A1DC151D8936AC00492F68 /* PBXTargetDependency */,
			);
			name = GravityDemoTests;
			productName = GravityDemoTests;
			productReference = 84A1DC131D8936AC00492F68 /* GravityDemoTests.xctest */;
			productType = "com.apple.product-type.bundle.unit-test";
		};
		84A1DC1D1D8936AC00492F68 /* GravityDemoUITests */ = {
			isa = PBXNativeTarget;
			buildConfigurationList = 84A1DC2D1D8936AC00492F68 /* Build configuration list for PBXNativeTarget "GravityDemoUITests" */;
			buildPhases = (
				84A1DC1A1D8936AC00492F68 /* Sources */,
				84A1DC1B1D8936AC00492F68 /* Frameworks */,
				84A1DC1C1D8936AC00492F68 /* Resources */,
			);
			buildRules = (
			);
			dependencies = (
				84A1DC201D8936AC00492F68 /* PBXTargetDependency */,
			);
			name = GravityDemoUITests;
			productName = GravityDemoUITests;
			productReference = 84A1DC1E1D8936AC00492F68 /* GravityDemoUITests.xctest */;
			productType = "com.apple.product-type.bundle.ui-testing";
		};
/* End PBXNativeTarget section */

/* Begin PBXProject section */
		84A1DBF71D8936AB00492F68 /* Project object */ = {
			isa = PBXProject;
			attributes = {
				LastSwiftUpdateCheck = 0730;
				LastUpgradeCheck = 0730;
				ORGANIZATIONNAME = Admin;
				TargetAttributes = {
					84A1DBFE1D8936AB00492F68 = {
						CreatedOnToolsVersion = 7.3.1;
					};
					84A1DC121D8936AC00492F68 = {
						CreatedOnToolsVersion = 7.3.1;
						TestTargetID = 84A1DBFE1D8936AB00492F68;
					};
					84A1DC1D1D8936AC00492F68 = {
						CreatedOnToolsVersion = 7.3.1;
						TestTargetID = 84A1DBFE1D8936AB00492F68;
					};
				};
			};
			buildConfigurationList = 84A1DBFA1D8936AB00492F68 /* Build configuration list for PBXProject "GravityDemo" */;
			compatibilityVersion = "Xcode 3.2";
			developmentRegion = English;
			hasScannedForEncodings = 0;
			knownRegions = (
				en,
				Base,
			);
			mainGroup = 84A1DBF61D8936AB00492F68;
			productRefGroup = 84A1DC001D8936AB00492F68 /* Products */;
			projectDirPath = "";
			projectRoot = "";
			targets = (
				84A1DBFE1D8936AB00492F68 /* GravityDemo */,
				84A1DC121D8936AC00492F68 /* GravityDemoTests */,
				84A1DC1D1D8936AC00492F68 /* GravityDemoUITests */,
			);
		};
/* End PBXProject section */

/* Begin PBXResourcesBuildPhase section */
		84A1DBFD1D8936AB00492F68 /* Resources */ = {
			isa = PBXResourcesBuildPhase;
			buildActionMask = 2147483647;
			files = (
				84A1DC0D1D8936AB00492F68 /* LaunchScreen.storyboard in Resources */,
				84A1DC0A1D8936AB00492F68 /* Assets.xcassets in Resources */,
				84A1DC081D8936AB00492F68 /* Main.storyboard in Resources */,
			);
			runOnlyForDeploymentPostprocessing = 0;
		};
		84A1DC111D8936AC00492F68 /* Resources */ = {
			isa = PBXResourcesBuildPhase;
			buildActionMask = 2147483647;
			files = (
			);
			runOnlyForDeploymentPostprocessing = 0;
		};
		84A1DC1C1D8936AC00492F68 /* Resources */ = {
			isa = PBXResourcesBuildPhase;
			buildActionMask = 2147483647;
			files = (
			);
			runOnlyForDeploymentPostprocessing = 0;
		};
/* End PBXResourcesBuildPhase section */

/* Begin PBXSourcesBuildPhase section */
		84A1DBFB1D8936AB00492F68 /* Sources */ = {
			isa = PBXSourcesBuildPhase;
			buildActionMask = 2147483647;
			files = (
				84A1DC051D8936AB00492F68 /* ViewController.swift in Sources */,
				84A1DC031D8936AB00492F68 /* AppDelegate.swift in Sources */,
			);
			runOnlyForDeploymentPostprocessing = 0;
		};
		84A1DC0F1D8936AC00492F68 /* Sources */ = {
			isa = PBXSourcesBuildPhase;
			buildActionMask = 2147483647;
			files = (
				84A1DC181D8936AC00492F68 /* GravityDemoTests.swift in Sources */,
			);
			runOnlyForDeploymentPostprocessing = 0;
		};
		84A1DC1A1D8936AC00492F68 /* Sources */ = {
			isa = PBXSourcesBuildPhase;
			buildActionMask = 2147483647;
			files = (
				84A1DC231D8936AC00492F68 /* GravityDemoUITests.swift in Sources */,
			);
			runOnlyForDeploymentPostprocessing = 0;
		};
/* End PBXSourcesBuildPhase section */

/* Begin PBXTargetDependency section */
		84A1DC151D8936AC00492F68 /* PBXTargetDependency */ = {
			isa = PBXTargetDependency;
			target = 84A1DBFE1D8936AB00492F68 /* GravityDemo */;
			targetProxy = 84A1DC141D8936AC00492F68 /* PBXContainerItemProxy */;
		};
		84A1DC201D8936AC00492F68 /* PBXTargetDependency */ = {
			isa = PBXTargetDependency;
			target = 84A1DBFE1D8936AB00492F68 /* GravityDemo */;
			targetProxy = 84A1DC1F1D8936AC00492F68 /* PBXContainerItemProxy */;
		};
/* End PBXTargetDependency section */

/* Begin PBXVariantGroup section */
		84A1DC061D8936AB00492F68 /* Main.storyboard */ = {
			isa = PBXVariantGroup;
			children = (
				84A1DC071D8936AB00492F68 /* Base */,
			);
			name = Main.storyboard;
			sourceTree = "<group>";
		};
		84A1DC0B1D8936AB00492F68 /* LaunchScreen.storyboard */ = {
			isa = PBXVariantGroup;
			children = (
				84A1DC0C1D8936AB00492F68 /* Base */,
			);
			name = LaunchScreen.storyboard;
			sourceTree = "<group>";
		};
/* End PBXVariantGroup section */

/* Begin XCBuildConfiguration section */
		84A1DC251D8936AC00492F68 /* Debug */ = {
			isa = XCBuildConfiguration;
			buildSettings = {
				ALWAYS_SEARCH_USER_PATHS = NO;
				CLANG_ANALYZER_NONNULL = YES;
				CLANG_CXX_LANGUAGE_STANDARD = "gnu++0x";
				CLANG_CXX_LIBRARY = "libc++";
				CLANG_ENABLE_MODULES = YES;
				CLANG_ENABLE_OBJC_ARC = YES;
				CLANG_WARN_BOOL_CONVERSION = YES;
				CLANG_WARN_CONSTANT_CONVERSION = YES;
				CLANG_WARN_DIRECT_OBJC_ISA_USAGE = YES_ERROR;
				CLANG_WARN_EMPTY_BODY = YES;
				CLANG_WARN_ENUM_CONVERSION = YES;
				CLANG_WARN_INT_CONVERSION = YES;
				CLANG_WARN_OBJC_ROOT_CLASS = YES_ERROR;
				CLANG_WARN_UNREACHABLE_CODE = YES;
				CLANG_WARN__DUPLICATE_METHOD_MATCH = YES;
				"CODE_SIGN_IDENTITY[sdk=iphoneos*]" = "iPhone Developer";
				COPY_PHASE_STRIP = NO;
				DEBUG_INFORMATION_FORMAT = dwarf;
				ENABLE_STRICT_OBJC_MSGSEND = YES;
				ENABLE_TESTABILITY = YES;
				GCC_C_LANGUAGE_STANDARD = gnu99;
				GCC_DYNAMIC_NO_PIC = NO;
				GCC_NO_COMMON_BLOCKS = YES;
				GCC_OPTIMIZATION_LEVEL = 0;
				GCC_PREPROCESSOR_DEFINITIONS = (
					"DEBUG=1",
					"$(inherited)",
				);
				GCC_WARN_64_TO_32_BIT_CONVERSION = YES;
				GCC_WARN_ABOUT_RETURN_TYPE = YES_ERROR;
				GCC_WARN_UNDECLARED_SELECTOR = YES;
				GCC_WARN_UNINITIALIZED_AUTOS = YES_AGGRESSIVE;
				GCC_WARN_UNUSED_FUNCTION = YES;
				GCC_WARN_UNUSED_VARIABLE = YES;
				IPHONEOS_DEPLOYMENT_TARGET = 9.3;
				MTL_ENABLE_DEBUG_INFO = YES;
				ONLY_ACTIVE_ARCH = YES;
				SDKROOT = iphoneos;
				SWIFT_OPTIMIZATION_LEVEL = "-Onone";
				TARGETED_DEVICE_FAMILY = "1,2";
			};
			name = Debug;
		};
		84A1DC261D8936AC00492F68 /* Release */ = {
			isa = XCBuildConfiguration;
			buildSettings = {
				ALWAYS_SEARCH_USER_PATHS = NO;
				CLANG_ANALYZER_NONNULL = YES;
				CLANG_CXX_LANGUAGE_STANDARD = "gnu++0x";
				CLANG_CXX_LIBRARY = "libc++";
				CLANG_ENABLE_MODULES = YES;
				CLANG_ENABLE_OBJC_ARC = YES;
				CLANG_WARN_BOOL_CONVERSION = YES;
				CLANG_WARN_CONSTANT_CONVERSION = YES;
				CLANG_WARN_DIRECT_OBJC_ISA_USAGE = YES_ERROR;
				CLANG_WARN_EMPTY_BODY = YES;
				CLANG_WARN_ENUM_CONVERSION = YES;
				CLANG_WARN_INT_CONVERSION = YES;
				CLANG_WARN_OBJC_ROOT_CLASS = YES_ERROR;
				CLANG_WARN_UNREACHABLE_CODE = YES;
				CLANG_WARN__DUPLICATE_METHOD_MATCH = YES;
				"CODE_SIGN_IDENTITY[sdk=iphoneos*]" = "iPhone Developer";
				COPY_PHASE_STRIP = NO;
				DEBUG_INFORMATION_FORMAT = "dwarf-with-dsym";
				ENABLE_NS_ASSERTIONS = NO;
				ENABLE_STRICT_OBJC_MSGSEND = YES;
				GCC_C_LANGUAGE_STANDARD = gnu99;
				GCC_NO_COMMON_BLOCKS = YES;
				GCC_WARN_64_TO_32_BIT_CONVERSION = YES;
				GCC_WARN_ABOUT_RETURN_TYPE = YES_ERROR;
				GCC_WARN_UNDECLARED_SELECTOR = YES;
				GCC_WARN_UNINITIALIZED_AUTOS = YES_AGGRESSIVE;
				GCC_WARN_UNUSED_FUNCTION = YES;
				GCC_WARN_UNUSED_VARIABLE = YES;
				IPHONEOS_DEPLOYMENT_TARGET = 9.3;
				MTL_ENABLE_DEBUG_INFO = NO;
				SDKROOT = iphoneos;
				TARGETED_DEVICE_FAMILY = "1,2";
				VALIDATE_PRODUCT = YES;
			};
			name = Release;
		};
		84A1DC281D8936AC00492F68 /* Debug */ = {
			isa = XCBuildConfiguration;
			buildSettings = {
				ASSETCATALOG_COMPILER_APPICON_NAME = AppIcon;
				INFOPLIST_FILE = GravityDemo/Info.plist;
				LD_RUNPATH_SEARCH_PATHS = "$(inherited) @executable_path/Frameworks";
				PRODUCT_BUNDLE_IDENTIFIER = com.boss.GravityDemo;
				PRODUCT_NAME = "$(TARGET_NAME)";
			};
			name = Debug;
		};
		84A1DC291D8936AC00492F68 /* Release */ = {
			isa = XCBuildConfiguration;
			buildSettings = {
				ASSETCATALOG_COMPILER_APPICON_NAME = AppIcon;
				INFOPLIST_FILE = GravityDemo/Info.plist;
				LD_RUNPATH_SEARCH_PATHS = "$(inherited) @executable_path/Frameworks";
				PRODUCT_BUNDLE_IDENTIFIER = com.boss.GravityDemo;
				PRODUCT_NAME = "$(TARGET_NAME)";
			};
			name = Release;
		};
		84A1DC2B1D8936AC00492F68 /* Debug */ = {
			isa = XCBuildConfiguration;
			buildSettings = {
				BUNDLE_LOADER = "$(TEST_HOST)";
				INFOPLIST_FILE = GravityDemoTests/Info.plist;
				LD_RUNPATH_SEARCH_PATHS = "$(inherited) @executable_path/Frameworks @loader_path/Frameworks";
				PRODUCT_BUNDLE_IDENTIFIER = com.boss.GravityDemoTests;
				PRODUCT_NAME = "$(TARGET_NAME)";
				TEST_HOST = "$(BUILT_PRODUCTS_DIR)/GravityDemo.app/GravityDemo";
			};
			name = Debug;
		};
		84A1DC2C1D8936AC00492F68 /* Release */ = {
			isa = XCBuildConfiguration;
			buildSettings = {
				BUNDLE_LOADER = "$(TEST_HOST)";
				INFOPLIST_FILE = GravityDemoTests/Info.plist;
				LD_RUNPATH_SEARCH_PATHS = "$(inherited) @executable_path/Frameworks @loader_path/Frameworks";
				PRODUCT_BUNDLE_IDENTIFIER = com.boss.GravityDemoTests;
				PRODUCT_NAME = "$(TARGET_NAME)";
				TEST_HOST = "$(BUILT_PRODUCTS_DIR)/GravityDemo.app/GravityDemo";
			};
			name = Release;
		};
		84A1DC2E1D8936AC00492F68 /* Debug */ = {
			isa = XCBuildConfiguration;
			buildSettings = {
				INFOPLIST_FILE = GravityDemoUITests/Info.plist;
				LD_RUNPATH_SEARCH_PATHS = "$(inherited) @executable_path/Frameworks @loader_path/Frameworks";
				PRODUCT_BUNDLE_IDENTIFIER = com.boss.GravityDemoUITests;
				PRODUCT_NAME = "$(TARGET_NAME)";
				TEST_TARGET_NAME = GravityDemo;
			};
			name = Debug;
		};
		84A1DC2F1D8936AC00492F68 /* Release */ = {
			isa = XCBuildConfiguration;
			buildSettings = {
				INFOPLIST_FILE = GravityDemoUITests/Info.plist;
				LD_RUNPATH_SEARCH_PATHS = "$(inherited) @executable_path/Frameworks @loader_path/Frameworks";
				PRODUCT_BUNDLE_IDENTIFIER = com.boss.GravityDemoUITests;
				PRODUCT_NAME = "$(TARGET_NAME)";
				TEST_TARGET_NAME = GravityDemo;
			};
			name = Release;
		};
/* End XCBuildConfiguration section */

/* Begin XCConfigurationList section */
		84A1DBFA1D8936AB00492F68 /* Build configuration list for PBXProject "GravityDemo" */ = {
			isa = XCConfigurationList;
			buildConfigurations = (
				84A1DC251D8936AC00492F68 /* Debug */,
				84A1DC261D8936AC00492F68 /* Release */,
			);
			defaultConfigurationIsVisible = 0;
			defaultConfigurationName = Release;
		};
		84A1DC271D8936AC00492F68 /* Build configuration list for PBXNativeTarget "GravityDemo" */ = {
			isa = XCConfigurationList;
			buildConfigurations = (
				84A1DC281D8936AC00492F68 /* Debug */,
				84A1DC291D8936AC00492F68 /* Release */,
			);
			defaultConfigurationIsVisible = 0;
		};
		84A1DC2A1D8936AC00492F68 /* Build configuration list for PBXNativeTarget "GravityDemoTests" */ = {
			isa = XCConfigurationList;
			buildConfigurations = (
				84A1DC2B1D8936AC00492F68 /* Debug */,
				84A1DC2C1D8936AC00492F68 /* Release */,
			);
			defaultConfigurationIsVisible = 0;
		};
		84A1DC2D1D8936AC00492F68 /* Build configuration list for PBXNativeTarget "GravityDemoUITests" */ = {
			isa = XCConfigurationList;
			buildConfigurations = (
				84A1DC2E1D8936AC00492F68 /* Debug */,
				84A1DC2F1D8936AC00492F68 /* Release */,
			);
			defaultConfigurationIsVisible = 0;
		};
/* End XCConfigurationList section */
	};
	rootObject = 84A1DBF71D8936AB00492F68 /* Project object */;
}
